// !$*UTF8*$!
{
	archiveVersion = 1;
	classes = {
	};
	objectVersion = 46;
	objects = {

/* Begin PBXBuildFile section */
		FC0FCEEC1DB6ACC6008EC65C /* AppDelegate.swift in Sources */ = {isa = PBXBuildFile; fileRef = FC0FCEEB1DB6ACC6008EC65C /* AppDelegate.swift */; };
		FC0FCEEE1DB6ACC6008EC65C /* ViewController.swift in Sources */ = {isa = PBXBuildFile; fileRef = FC0FCEED1DB6ACC6008EC65C /* ViewController.swift */; };
		FC0FCEF11DB6ACC6008EC65C /* Main.storyboard in Resources */ = {isa = PBXBuildFile; fileRef = FC0FCEEF1DB6ACC6008EC65C /* Main.storyboard */; };
		FC0FCEF31DB6ACC6008EC65C /* Assets.xcassets in Resources */ = {isa = PBXBuildFile; fileRef = FC0FCEF21DB6ACC6008EC65C /* Assets.xcassets */; };
		FC0FCEF61DB6ACC6008EC65C /* LaunchScreen.storyboard in Resources */ = {isa = PBXBuildFile; fileRef = FC0FCEF41DB6ACC6008EC65C /* LaunchScreen.storyboard */; };
/* End PBXBuildFile section */

/* Begin PBXFileReference section */
		FC0FCEE81DB6ACC6008EC65C /* AnimatingHelloWorld.app */ = {isa = PBXFileReference; explicitFileType = wrapper.application; includeInIndex = 0; path = AnimatingHelloWorld.app; sourceTree = BUILT_PRODUCTS_DIR; };
		FC0FCEEB1DB6ACC6008EC65C /* AppDelegate.swift */ = {isa = PBXFileReference; lastKnownFileType = sourcecode.swift; path = AppDelegate.swift; sourceTree = "<group>"; };
		FC0FCEED1DB6ACC6008EC65C /* ViewController.swift */ = {isa = PBXFileReference; lastKnownFileType = sourcecode.swift; path = ViewController.swift; sourceTree = "<group>"; };
		FC0FCEF01DB6ACC6008EC65C /* Base */ = {isa = PBXFileReference; lastKnownFileType = file.storyboard; name = Base; path = Base.lproj/Main.storyboard; sourceTree = "<group>"; };
		FC0FCEF21DB6ACC6008EC65C /* Assets.xcassets */ = {isa = PBXFileReference; lastKnownFileType = folder.assetcatalog; path = Assets.xcassets; sourceTree = "<group>"; };
		FC0FCEF51DB6ACC6008EC65C /* Base */ = {isa = PBXFileReference; lastKnownFileType = file.storyboard; name = Base; path = Base.lproj/LaunchScreen.storyboard; sourceTree = "<group>"; };
		FC0FCEF71DB6ACC6008EC65C /* Info.plist */ = {isa = PBXFileReference; lastKnownFileType = text.plist.xml; path = Info.plist; sourceTree = "<group>"; };
/* End PBXFileReference section */

/* Begin PBXFrameworksBuildPhase section */
		FC0FCEE51DB6ACC6008EC65C /* Frameworks */ = {
			isa = PBXFrameworksBuildPhase;
			buildActionMask = 2147483647;
			files = (
			);
			runOnlyForDeploymentPostprocessing = 0;
		};
/* End PBXFrameworksBuildPhase section */

/* Begin PBXGroup section */
		FC0FCEDF1DB6ACC6008EC65C = {
			isa = PBXGroup;
			children = (
				FC0FCEEA1DB6ACC6008EC65C /* AnimatingHelloWorld */,
				FC0FCEE91DB6ACC6008EC65C /* Products */,
			);
			sourceTree = "<group>";
		};
		FC0FCEE91DB6ACC6008EC65C /* Products */ = {
			isa = PBXGroup;
			children = (
				FC0FCEE81DB6ACC6008EC65C /* AnimatingHelloWorld.app */,
			);
			name = Products;
			sourceTree = "<group>";
		};
		FC0FCEEA1DB6ACC6008EC65C /* AnimatingHelloWorld */ = {
			isa = PBXGroup;
			children = (
				FC0FCEEB1DB6ACC6008EC65C /* AppDelegate.swift */,
				FC0FCEED1DB6ACC6008EC65C /* ViewController.swift */,
				FC0FCEEF1DB6ACC6008EC65C /* Main.storyboard */,
				FC0FCEF21DB6ACC6008EC65C /* Assets.xcassets */,
				FC0FCEF41DB6ACC6008EC65C /* LaunchScreen.storyboard */,
				FC0FCEF71DB6ACC6008EC65C /* Info.plist */,
			);
			path = AnimatingHelloWorld;
			sourceTree = "<group>";
		};
/* End PBXGroup section */

/* Begin PBXNativeTarget section */
		FC0FCEE71DB6ACC6008EC65C /* AnimatingHelloWorld */ = {
			isa = PBXNativeTarget;
			buildConfigurationList = FC0FCEFA1DB6ACC6008EC65C /* Build configuration list for PBXNativeTarget "AnimatingHelloWorld" */;
			buildPhases = (
				FC0FCEE41DB6ACC6008EC65C /* Sources */,
				FC0FCEE51DB6ACC6008EC65C /* Frameworks */,
				FC0FCEE61DB6ACC6008EC65C /* Resources */,
			);
			buildRules = (
			);
			dependencies = (
			);
			name = AnimatingHelloWorld;
			productName = AnimatingHelloWorld;
			productReference = FC0FCEE81DB6ACC6008EC65C /* AnimatingHelloWorld.app */;
			productType = "com.apple.product-type.application";
		};
/* End PBXNativeTarget section */

/* Begin PBXProject section */
		FC0FCEE01DB6ACC6008EC65C /* Project object */ = {
			isa = PBXProject;
			attributes = {
				LastSwiftUpdateCheck = 0800;
				LastUpgradeCheck = 0800;
				ORGANIZATIONNAME = "Mikael Teklehaimanot";
				TargetAttributes = {
					FC0FCEE71DB6ACC6008EC65C = {
						CreatedOnToolsVersion = 8.0;
						DevelopmentTeam = 2WAWR77T4M;
						ProvisioningStyle = Automatic;
					};
				};
			};
			buildConfigurationList = FC0FCEE31DB6ACC6008EC65C /* Build configuration list for PBXProject "AnimatingHelloWorld" */;
			compatibilityVersion = "Xcode 3.2";
			developmentRegion = English;
			hasScannedForEncodings = 0;
			knownRegions = (
				en,
				Base,
			);
			mainGroup = FC0FCEDF1DB6ACC6008EC65C;
			productRefGroup = FC0FCEE91DB6ACC6008EC65C /* Products */;
			projectDirPath = "";
			projectRoot = "";
			targets = (
				FC0FCEE71DB6ACC6008EC65C /* AnimatingHelloWorld */,
			);
		};
/* End PBXProject section */

/* Begin PBXResourcesBuildPhase section */
		FC0FCEE61DB6ACC6008EC65C /* Resources */ = {
			isa = PBXResourcesBuildPhase;
			buildActionMask = 2147483647;
			files = (
				FC0FCEF61DB6ACC6008EC65C /* LaunchScreen.storyboard in Resources */,
				FC0FCEF31DB6ACC6008EC65C /* Assets.xcassets in Resources */,
				FC0FCEF11DB6ACC6008EC65C /* Main.storyboard in Resources */,
			);
			runOnlyForDeploymentPostprocessing = 0;
		};
/* End PBXResourcesBuildPhase section */

/* Begin PBXSourcesBuildPhase section */
		FC0FCEE41DB6ACC6008EC65C /* Sources */ = {
			isa = PBXSourcesBuildPhase;
			buildActionMask = 2147483647;
			files = (
				FC0FCEEE1DB6ACC6008EC65C /* ViewController.swift in Sources */,
				FC0FCEEC1DB6ACC6008EC65C /* AppDelegate.swift in Sources */,
			);
			runOnlyForDeploymentPostprocessing = 0;
		};
/* End PBXSourcesBuildPhase section */

/* Begin PBXVariantGroup section */
		FC0FCEEF1DB6ACC6008EC65C /* Main.storyboard */ = {
			isa = PBXVariantGroup;
			children = (
				FC0FCEF01DB6ACC6008EC65C /* Base */,
			);
			name = Main.storyboard;
			sourceTree = "<group>";
		};
		FC0FCEF41DB6ACC6008EC65C /* LaunchScreen.storyboard */ = {
			isa = PBXVariantGroup;
			children = (
				FC0FCEF51DB6ACC6008EC65C /* Base */,
			);
			name = LaunchScreen.storyboard;
			sourceTree = "<group>";
		};
/* End PBXVariantGroup section */

/* Begin XCBuildConfiguration section */
		FC0FCEF81DB6ACC6008EC65C /* Debug */ = {
			isa = XCBuildConfiguration;
			buildSettings = {
				ALWAYS_SEARCH_USER_PATHS = NO;
				CLANG_ANALYZER_NONNULL = YES;
				CLANG_CXX_LANGUAGE_STANDARD = "gnu++0x";
				CLANG_CXX_LIBRARY = "libc++";
				CLANG_ENABLE_MODULES = YES;
				CLANG_ENABLE_OBJC_ARC = YES;
				CLANG_WARN_BOOL_CONVERSION = YES;
				CLANG_WARN_CONSTANT_CONVERSION = YES;
				CLANG_WARN_DIRECT_OBJC_ISA_USAGE = YES_ERROR;
				CLANG_WARN_DOCUMENTATION_COMMENTS = YES;
				CLANG_WARN_EMPTY_BODY = YES;
				CLANG_WARN_ENUM_CONVERSION = YES;
				CLANG_WARN_INFINITE_RECURSION = YES;
				CLANG_WARN_INT_CONVERSION = YES;
				CLANG_WARN_OBJC_ROOT_CLASS = YES_ERROR;
				CLANG_WARN_SUSPICIOUS_MOVES = YES;
				CLANG_WARN_UNREACHABLE_CODE = YES;
				CLANG_WARN__DUPLICATE_METHOD_MATCH = YES;
				"CODE_SIGN_IDENTITY[sdk=iphoneos*]" = "iPhone Developer";
				COPY_PHASE_STRIP = NO;
				DEBUG_INFORMATION_FORMAT = dwarf;
				ENABLE_STRICT_OBJC_MSGSEND = YES;
				ENABLE_TESTABILITY = YES;
				GCC_C_LANGUAGE_STANDARD = gnu99;
				GCC_DYNAMIC_NO_PIC = NO;
				GCC_NO_COMMON_BLOCKS = YES;
				GCC_OPTIMIZATION_LEVEL = 0;
				GCC_PREPROCESSOR_DEFINITIONS = (
					"DEBUG=1",
					"$(inherited)",
				);
				GCC_WARN_64_TO_32_BIT_CONVERSION = YES;
				GCC_WARN_ABOUT_RETURN_TYPE = YES_ERROR;
				GCC_WARN_UNDECLARED_SELECTOR = YES;
				GCC_WARN_UNINITIALIZED_AUTOS = YES_AGGRESSIVE;
				GCC_WARN_UNUSED_FUNCTION = YES;
				GCC_WARN_UNUSED_VARIABLE = YES;
				IPHONEOS_DEPLOYMENT_TARGET = 10.0;
				MTL_ENABLE_DEBUG_INFO = YES;
				ONLY_ACTIVE_ARCH = YES;
				SDKROOT = iphoneos;
				SWIFT_ACTIVE_COMPILATION_CONDITIONS = DEBUG;
				SWIFT_OPTIMIZATION_LEVEL = "-Onone";
			};
			name = Debug;
		};
		FC0FCEF91DB6ACC6008EC65C /* Release */ = {
			isa = XCBuildConfiguration;
			buildSettings = {
				ALWAYS_SEARCH_USER_PATHS = NO;
				CLANG_ANALYZER_NONNULL = YES;
				CLANG_CXX_LANGUAGE_STANDARD = "gnu++0x";
				CLANG_CXX_LIBRARY = "libc++";
				CLANG_ENABLE_MODULES = YES;
				CLANG_ENABLE_OBJC_ARC = YES;
				CLANG_WARN_BOOL_CONVERSION = YES;
				CLANG_WARN_CONSTANT_CONVERSION = YES;
				CLANG_WARN_DIRECT_OBJC_ISA_USAGE = YES_ERROR;
				CLANG_WARN_DOCUMENTATION_COMMENTS = YES;
				CLANG_WARN_EMPTY_BODY = YES;
				CLANG_WARN_ENUM_CONVERSION = YES;
				CLANG_WARN_INFINITE_RECURSION = YES;
				CLANG_WARN_INT_CONVERSION = YES;
				CLANG_WARN_OBJC_ROOT_CLASS = YES_ERROR;
				CLANG_WARN_SUSPICIOUS_MOVES = YES;
				CLANG_WARN_UNREACHABLE_CODE = YES;
				CLANG_WARN__DUPLICATE_METHOD_MATCH = YES;
				"CODE_SIGN_IDENTITY[sdk=iphoneos*]" = "iPhone Developer";
				COPY_PHASE_STRIP = NO;
				DEBUG_INFORMATION_FORMAT = "dwarf-with-dsym";
				ENABLE_NS_ASSERTIONS = NO;
				ENABLE_STRICT_OBJC_MSGSEND = YES;
				GCC_C_LANGUAGE_STANDARD = gnu99;
				GCC_NO_COMMON_BLOCKS = YES;
				GCC_WARN_64_TO_32_BIT_CONVERSION = YES;
				GCC_WARN_ABOUT_RETURN_TYPE = YES_ERROR;
				GCC_WARN_UNDECLARED_SELECTOR = YES;
				GCC_WARN_UNINITIALIZED_AUTOS = YES_AGGRESSIVE;
				GCC_WARN_UNUSED_FUNCTION = YES;
				GCC_WARN_UNUSED_VARIABLE = YES;
				IPHONEOS_DEPLOYMENT_TARGET = 10.0;
				MTL_ENABLE_DEBUG_INFO = NO;
				SDKROOT = iphoneos;
				SWIFT_OPTIMIZATION_LEVEL = "-Owholemodule";
				VALIDATE_PRODUCT = YES;
			};
			name = Release;
		};
		FC0FCEFB1DB6ACC6008EC65C /* Debug */ = {
			isa = XCBuildConfiguration;
			buildSettings = {
				ASSETCATALOG_COMPILER_APPICON_NAME = AppIcon;
				DEVELOPMENT_TEAM = 2WAWR77T4M;
				INFOPLIST_FILE = AnimatingHelloWorld/Info.plist;
				LD_RUNPATH_SEARCH_PATHS = "$(inherited) @executable_path/Frameworks";
				PRODUCT_BUNDLE_IDENTIFIER = io.mikael.AnimatingHelloWorld;
				PRODUCT_NAME = "$(TARGET_NAME)";
				SWIFT_VERSION = 3.0;
			};
			name = Debug;
		};
		FC0FCEFC1DB6ACC6008EC65C /* Release */ = {
			isa = XCBuildConfiguration;
			buildSettings = {
				ASSETCATALOG_COMPILER_APPICON_NAME = AppIcon;
				DEVELOPMENT_TEAM = 2WAWR77T4M;
				INFOPLIST_FILE = AnimatingHelloWorld/Info.plist;
				LD_RUNPATH_SEARCH_PATHS = "$(inherited) @executable_path/Frameworks";
				PRODUCT_BUNDLE_IDENTIFIER = io.mikael.AnimatingHelloWorld;
				PRODUCT_NAME = "$(TARGET_NAME)";
				SWIFT_VERSION = 3.0;
			};
			name = Release;
		};
/* End XCBuildConfiguration section */

/* Begin XCConfigurationList section */
		FC0FCEE31DB6ACC6008EC65C /* Build configuration list for PBXProject "AnimatingHelloWorld" */ = {
			isa = XCConfigurationList;
			buildConfigurations = (
				FC0FCEF81DB6ACC6008EC65C /* Debug */,
				FC0FCEF91DB6ACC6008EC65C /* Release */,
			);
			defaultConfigurationIsVisible = 0;
			defaultConfigurationName = Release;
		};
		FC0FCEFA1DB6ACC6008EC65C /* Build configuration list for PBXNativeTarget "AnimatingHelloWorld" */ = {
			isa = XCConfigurationList;
			buildConfigurations = (
				FC0FCEFB1DB6ACC6008EC65C /* Debug */,
				FC0FCEFC1DB6ACC6008EC65C /* Release */,
			);
			defaultConfigurationIsVisible = 0;
		};
/* End XCConfigurationList section */
	};
	rootObject = FC0FCEE01DB6ACC6008EC65C /* Project object */;
}
